
Microsoft Visual Studio Solution File, Format Version 12.00
# Visual Studio Version 16
VisualStudioVersion = 16.0.29306.81
MinimumVisualStudioVersion = 10.0.40219.1
Project("{FAE04EC0-301F-11D3-BF4B-00C04F79EFBC}") = "BeakovicPaoloProvjeraZnanjaZadatak2", "BeakovicPaoloProvjeraZnanjaZadatak2\BeakovicPaoloProvjeraZnanjaZadatak2.csproj", "{421C97C7-DB42-41B6-B969-5E0CC788139D}"
EndProject
Global
	GlobalSection(SolutionConfigurationPlatforms) = preSolution
		Debug|Any CPU = Debug|Any CPU
		Release|Any CPU = Release|Any CPU
	EndGlobalSection
	GlobalSection(ProjectConfigurationPlatforms) = postSolution
		{421C97C7-DB42-41B6-B969-5E0CC788139D}.Debug|Any CPU.ActiveCfg = Debug|Any CPU
		{421C97C7-DB42-41B6-B969-5E0CC788139D}.Debug|Any CPU.Build.0 = Debug|Any CPU
		{421C97C7-DB42-41B6-B969-5E0CC788139D}.Release|Any CPU.ActiveCfg = Release|Any CPU
		{421C97C7-DB42-41B6-B969-5E0CC788139D}.Release|Any CPU.Build.0 = Release|Any CPU
	EndGlobalSection
	GlobalSection(SolutionProperties) = preSolution
		HideSolutionNode = FALSE
	EndGlobalSection
	GlobalSection(ExtensibilityGlobals) = postSolution
		SolutionGuid = {1E0EC123-02D8-499E-8DE3-BB7B3EB9E6AC}
	EndGlobalSection
EndGlobal
